<?xml version="1.0" encoding="utf-8"?>
<Project ToolsVersion="4.0" xmlns="http://schemas.microsoft.com/developer/msbuild/2003">
  <ItemGroup>
    <Filter Include="Source Files">
      <UniqueIdentifier>{f0e952e0-6c08-4f3a-aab8-253cd201d681}</UniqueIdentifier>
      <Extensions>cpp;c;cc;cxx;def;odl;idl;hpj;bat;asm;asmx</Extensions>
    </Filter>
    <Filter Include="Resource Files">
      <UniqueIdentifier>{9c429194-f4f7-4f83-a67f-cfecd7a9b361}</UniqueIdentifier>
      <Extensions>rc;ico;cur;bmp;dlg;rc2;rct;bin;rgs;gif;jpg;jpeg;jpe;resx;tiff;tif;png;wav;mfcribbon-ms</Extensions>
    </Filter>
  </ItemGroup>
  <ItemGroup>
    <ClCompile Include="$(OpenSSH-Src-Path)\auth.c">  <Filter>Source Files</Filter> </ClCompile>
    <ClCompile Include="$(OpenSSH-Src-Path)\servconf.c">  <Filter>Source Files</Filter> </ClCompile>
    <ClCompile Include="$(OpenSSH-Src-Path)\contrib\win32\win32compat\ssh-agent\agent-main.c">  <Filter>Source Files</Filter> </ClCompile>
    <ClCompile Include="$(OpenSSH-Src-Path)\contrib\win32\win32compat\ssh-agent\agent.c">  <Filter>Source Files</Filter> </ClCompile>
    <ClCompile Include="$(OpenSSH-Src-Path)\contrib\win32\win32compat\ssh-agent\authagent-request.c">  <Filter>Source Files</Filter> </ClCompile>
    <ClCompile Include="$(OpenSSH-Src-Path)\contrib\win32\win32compat\ssh-agent\agentconfig.c">  <Filter>Source Files</Filter> </ClCompile>
    <ClCompile Include="$(OpenSSH-Src-Path)\contrib\win32\win32compat\ssh-agent\connection.c">  <Filter>Source Files</Filter> </ClCompile>
    <ClCompile Include="$(OpenSSH-Src-Path)\contrib\win32\win32compat\ssh-agent\keyagent-request.c">  <Filter>Source Files</Filter> </ClCompile>
    <ClCompile Include="$(OpenSSH-Src-Path)auth-options.c">  <Filter>Source Files</Filter> </ClCompile>
    <ClCompile Include="$(OpenSSH-Src-Path)auth2-pubkey.c">  <Filter>Source Files</Filter> </ClCompile>
    <ClCompile Include="$(OpenSSH-Src-Path)groupaccess.c">  <Filter>Source Files</Filter> </ClCompile>
  </ItemGroup>
  <ItemGroup>
    <ResourceCompile Include="version.rc">
      <Filter>Resource Files</Filter>
    </ResourceCompile>
  </ItemGroup>
</Project>